{
  "name": "philippebeck",
  "requires": true,
  "lockfileVersion": 1,
  "dependencies": {
    "font-awesome": {
      "version": "4.7.0",
      "resolved": "https://registry.npmjs.org/font-awesome/-/font-awesome-4.7.0.tgz",
      "integrity": "sha1-j6jPBBGhoxr9B7BtKQK7n8gVoTM="
    },
    "jim-js": {
      "version": "0.1.6",
      "resolved": "https://registry.npmjs.org/jim-js/-/jim-js-0.1.6.tgz",
      "integrity": "sha512-QNc5u9Zpd6rPaCS8Qn5JMARvuLenWs8DRuhYEySCVFNfThodZS6Lvwd8XvweVb730kc0aFc+bsvZzuNkJyGbvw=="
    },
    "sam.scss": {
      "version": "0.1.19",
      "resolved": "https://registry.npmjs.org/sam.scss/-/sam.scss-0.1.19.tgz",
      "integrity": "sha512-EAe+w63I3r1VenHvgwoXbsC4VtMOG6l7M+Gx7MuJqUxvsSLDD7XHZ7Xypsi2r4Hrq+3nCCFxNRgCRCLo1p+qhQ=="
    }
  }
}
